
Microsoft Visual Studio Solution File, Format Version 12.00
# Visual Studio 15
VisualStudioVersion = 15.0.28010.2003
MinimumVisualStudioVersion = 10.0.40219.1
Project("{FAE04EC0-301F-11D3-BF4B-00C04F79EFBC}") = "ConsoleApp4", "ConsoleApp4\ConsoleApp4.csproj", "{F45B2537-D5E4-4D94-BFA4-C23E6F69D1F0}"
EndProject
Global
	GlobalSection(SolutionConfigurationPlatforms) = preSolution
		Debug|Any CPU = Debug|Any CPU
		Release|Any CPU = Release|Any CPU
	EndGlobalSection
	GlobalSection(ProjectConfigurationPlatforms) = postSolution
		{F45B2537-D5E4-4D94-BFA4-C23E6F69D1F0}.Debug|Any CPU.ActiveCfg = Debug|Any CPU
		{F45B2537-D5E4-4D94-BFA4-C23E6F69D1F0}.Debug|Any CPU.Build.0 = Debug|Any CPU
		{F45B2537-D5E4-4D94-BFA4-C23E6F69D1F0}.Release|Any CPU.ActiveCfg = Release|Any CPU
		{F45B2537-D5E4-4D94-BFA4-C23E6F69D1F0}.Release|Any CPU.Build.0 = Release|Any CPU
	EndGlobalSection
	GlobalSection(SolutionProperties) = preSolution
		HideSolutionNode = FALSE
	EndGlobalSection
	GlobalSection(ExtensibilityGlobals) = postSolution
		SolutionGuid = {2FB61B46-A320-4B7A-8F05-041BC46EA278}
	EndGlobalSection
EndGlobal
