
Microsoft Visual Studio Solution File, Format Version 12.00
# Visual Studio 15
VisualStudioVersion = 15.0.28010.2003
MinimumVisualStudioVersion = 10.0.40219.1
Project("{FAE04EC0-301F-11D3-BF4B-00C04F79EFBC}") = "ConsoleApp4", "ConsoleApp4\ConsoleApp4.csproj", "{B1151D6D-B8F0-48B0-A4D9-B13AE44C1101}"
EndProject
Global
	GlobalSection(SolutionConfigurationPlatforms) = preSolution
		Debug|Any CPU = Debug|Any CPU
		Release|Any CPU = Release|Any CPU
	EndGlobalSection
	GlobalSection(ProjectConfigurationPlatforms) = postSolution
		{B1151D6D-B8F0-48B0-A4D9-B13AE44C1101}.Debug|Any CPU.ActiveCfg = Debug|Any CPU
		{B1151D6D-B8F0-48B0-A4D9-B13AE44C1101}.Debug|Any CPU.Build.0 = Debug|Any CPU
		{B1151D6D-B8F0-48B0-A4D9-B13AE44C1101}.Release|Any CPU.ActiveCfg = Release|Any CPU
		{B1151D6D-B8F0-48B0-A4D9-B13AE44C1101}.Release|Any CPU.Build.0 = Release|Any CPU
	EndGlobalSection
	GlobalSection(SolutionProperties) = preSolution
		HideSolutionNode = FALSE
	EndGlobalSection
	GlobalSection(ExtensibilityGlobals) = postSolution
		SolutionGuid = {E0301E5D-8333-4B69-9D34-2228FA4D4E1E}
	EndGlobalSection
EndGlobal
