
Microsoft Visual Studio Solution File, Format Version 12.00
# Visual Studio 15
VisualStudioVersion = 15.0.28010.2003
MinimumVisualStudioVersion = 10.0.40219.1
Project("{FAE04EC0-301F-11D3-BF4B-00C04F79EFBC}") = "task3", "task3\task3.csproj", "{DCCB2827-CDA9-47C8-940D-D7506542EF38}"
EndProject
Global
	GlobalSection(SolutionConfigurationPlatforms) = preSolution
		Debug|Any CPU = Debug|Any CPU
		Release|Any CPU = Release|Any CPU
	EndGlobalSection
	GlobalSection(ProjectConfigurationPlatforms) = postSolution
		{DCCB2827-CDA9-47C8-940D-D7506542EF38}.Debug|Any CPU.ActiveCfg = Debug|Any CPU
		{DCCB2827-CDA9-47C8-940D-D7506542EF38}.Debug|Any CPU.Build.0 = Debug|Any CPU
		{DCCB2827-CDA9-47C8-940D-D7506542EF38}.Release|Any CPU.ActiveCfg = Release|Any CPU
		{DCCB2827-CDA9-47C8-940D-D7506542EF38}.Release|Any CPU.Build.0 = Release|Any CPU
	EndGlobalSection
	GlobalSection(SolutionProperties) = preSolution
		HideSolutionNode = FALSE
	EndGlobalSection
	GlobalSection(ExtensibilityGlobals) = postSolution
		SolutionGuid = {E9ED8846-B991-4E59-859F-089EEF01EE87}
	EndGlobalSection
EndGlobal
